{
  "requires": true,
  "lockfileVersion": 1,
  "dependencies": {
    "@ionic-native/core": {
      "version": "4.17.0",
      "resolved": "https://registry.npmjs.org/@ionic-native/core/-/core-4.17.0.tgz",
      "integrity": "sha512-GByYdUiQPKdDzW5iovVGxnFvDUrh8si5Fb9NescnudkiQcJCYpG47uD489HugfBoqXF+U+3FUoArJnLE9PjM8g=="
    },
    "@ionic-native/geolocation": {
      "version": "4.17.0",
      "resolved": "https://registry.npmjs.org/@ionic-native/geolocation/-/geolocation-4.17.0.tgz",
      "integrity": "sha512-VgMOAP/Kjnpx4cwufFbx/DeoSoERfHt7X+I5aiOVo3J9w2rICUK3jyEccWVP0FPAfcIMrJoofpFK88TeY7O+tg=="
    },
    "rxjs": {
      "version": "6.3.3",
      "resolved": "https://registry.npmjs.org/rxjs/-/rxjs-6.3.3.tgz",
      "integrity": "sha512-JTWmoY9tWCs7zvIk/CvRjhjGaOd+OVBM987mxFo+OW66cGpdKjZcpmc74ES1sB//7Kl/PAe8+wEakuhG4pcgOw==",
      "requires": {
        "tslib": "^1.9.0"
      }
    },
    "rxjs-compat": {
      "version": "6.3.3",
      "resolved": "https://registry.npmjs.org/rxjs-compat/-/rxjs-compat-6.3.3.tgz",
      "integrity": "sha512-caGN7ixiabHpOofginKEquuHk7GgaCrC7UpUQ9ZqGp80tMc68msadOeP/2AKy2R4YJsT1+TX5GZCtxO82qWkyA=="
    },
    "tslib": {
      "version": "1.9.3",
      "resolved": "https://registry.npmjs.org/tslib/-/tslib-1.9.3.tgz",
      "integrity": "sha512-4krF8scpejhaOgqzBEcGM7yDIEfi0/8+8zDRZhNZZ2kjmHJ4hv3zCbQWxoJGz1iw5U0Jl0nma13xzHXcncMavQ=="
    }
  }
}
